
Microsoft Visual Studio Solution File, Format Version 12.00
# Visual Studio Version 17
VisualStudioVersion = 17.0.32014.148
MinimumVisualStudioVersion = 10.0.40219.1
Project("{FAE04EC0-301F-11D3-BF4B-00C04F79EFBC}") = "Estoque", "Estoque\Estoque.csproj", "{45A51DC3-26E9-488B-92F3-4B39476DEF9C}"
EndProject
Global
	GlobalSection(SolutionConfigurationPlatforms) = preSolution
		Debug|Any CPU = Debug|Any CPU
		Release|Any CPU = Release|Any CPU
	EndGlobalSection
	GlobalSection(ProjectConfigurationPlatforms) = postSolution
		{45A51DC3-26E9-488B-92F3-4B39476DEF9C}.Debug|Any CPU.ActiveCfg = Debug|Any CPU
		{45A51DC3-26E9-488B-92F3-4B39476DEF9C}.Debug|Any CPU.Build.0 = Debug|Any CPU
		{45A51DC3-26E9-488B-92F3-4B39476DEF9C}.Release|Any CPU.ActiveCfg = Release|Any CPU
		{45A51DC3-26E9-488B-92F3-4B39476DEF9C}.Release|Any CPU.Build.0 = Release|Any CPU
	EndGlobalSection
	GlobalSection(SolutionProperties) = preSolution
		HideSolutionNode = FALSE
	EndGlobalSection
	GlobalSection(ExtensibilityGlobals) = postSolution
		SolutionGuid = {7351E9BD-5AA5-45F4-84D5-FF56E40B3DC1}
	EndGlobalSection
EndGlobal
